
Microsoft Visual Studio Solution File, Format Version 12.00
# Visual Studio 15
VisualStudioVersion = 15.0.27004.2009
MinimumVisualStudioVersion = 10.0.40219.1
Project("{FAE04EC0-301F-11D3-BF4B-00C04F79EFBC}") = "DesktopBridge.FlightTracker", "DesktopBridge.FlightTracker\DesktopBridge.FlightTracker.csproj", "{44F2D0D5-1654-499C-A204-3C5A7C767D29}"
EndProject
Project("{FAE04EC0-301F-11D3-BF4B-00C04F79EFBC}") = "DesktopBridge.FlightTracker.Notification", "DesktopBridge.FlightTracker.Notification\DesktopBridge.FlightTracker.Notification.csproj", "{C98D5756-9D2B-4C4E-81E8-E3E0C5F35CA2}"
EndProject
Project("{C7167F0D-BC9F-4E6E-AFE1-012C56B48DB5}") = "DesktopBridge.FlightTracker.Package", "DesktopBridge.FlightTracker.Package\DesktopBridge.FlightTracker.Package.wapproj", "{E4DBC9EC-DA63-42E4-B032-84CDFD5D0134}"
EndProject
Global
	GlobalSection(SolutionConfigurationPlatforms) = preSolution
		Debug|Any CPU = Debug|Any CPU
		Debug|ARM = Debug|ARM
		Debug|x64 = Debug|x64
		Debug|x86 = Debug|x86
		DesktopUWP|Any CPU = DesktopUWP|Any CPU
		DesktopUWP|ARM = DesktopUWP|ARM
		DesktopUWP|x64 = DesktopUWP|x64
		DesktopUWP|x86 = DesktopUWP|x86
		Release|Any CPU = Release|Any CPU
		Release|ARM = Release|ARM
		Release|x64 = Release|x64
		Release|x86 = Release|x86
	EndGlobalSection
	GlobalSection(ProjectConfigurationPlatforms) = postSolution
		{44F2D0D5-1654-499C-A204-3C5A7C767D29}.Debug|Any CPU.ActiveCfg = Debug|Any CPU
		{44F2D0D5-1654-499C-A204-3C5A7C767D29}.Debug|Any CPU.Build.0 = Debug|Any CPU
		{44F2D0D5-1654-499C-A204-3C5A7C767D29}.Debug|ARM.ActiveCfg = Debug|Any CPU
		{44F2D0D5-1654-499C-A204-3C5A7C767D29}.Debug|ARM.Build.0 = Debug|Any CPU
		{44F2D0D5-1654-499C-A204-3C5A7C767D29}.Debug|x64.ActiveCfg = Debug|Any CPU
		{44F2D0D5-1654-499C-A204-3C5A7C767D29}.Debug|x64.Build.0 = Debug|Any CPU
		{44F2D0D5-1654-499C-A204-3C5A7C767D29}.Debug|x86.ActiveCfg = Debug|Any CPU
		{44F2D0D5-1654-499C-A204-3C5A7C767D29}.Debug|x86.Build.0 = Debug|Any CPU
		{44F2D0D5-1654-499C-A204-3C5A7C767D29}.DesktopUWP|Any CPU.ActiveCfg = DesktopUWP|Any CPU
		{44F2D0D5-1654-499C-A204-3C5A7C767D29}.DesktopUWP|Any CPU.Build.0 = DesktopUWP|Any CPU
		{44F2D0D5-1654-499C-A204-3C5A7C767D29}.DesktopUWP|ARM.ActiveCfg = DesktopUWP|Any CPU
		{44F2D0D5-1654-499C-A204-3C5A7C767D29}.DesktopUWP|ARM.Build.0 = DesktopUWP|Any CPU
		{44F2D0D5-1654-499C-A204-3C5A7C767D29}.DesktopUWP|x64.ActiveCfg = DesktopUWP|Any CPU
		{44F2D0D5-1654-499C-A204-3C5A7C767D29}.DesktopUWP|x64.Build.0 = DesktopUWP|Any CPU
		{44F2D0D5-1654-499C-A204-3C5A7C767D29}.DesktopUWP|x86.ActiveCfg = DesktopUWP|Any CPU
		{44F2D0D5-1654-499C-A204-3C5A7C767D29}.DesktopUWP|x86.Build.0 = DesktopUWP|Any CPU
		{44F2D0D5-1654-499C-A204-3C5A7C767D29}.Release|Any CPU.ActiveCfg = Release|Any CPU
		{44F2D0D5-1654-499C-A204-3C5A7C767D29}.Release|Any CPU.Build.0 = Release|Any CPU
		{44F2D0D5-1654-499C-A204-3C5A7C767D29}.Release|ARM.ActiveCfg = Release|Any CPU
		{44F2D0D5-1654-499C-A204-3C5A7C767D29}.Release|ARM.Build.0 = Release|Any CPU
		{44F2D0D5-1654-499C-A204-3C5A7C767D29}.Release|x64.ActiveCfg = Release|Any CPU
		{44F2D0D5-1654-499C-A204-3C5A7C767D29}.Release|x64.Build.0 = Release|Any CPU
		{44F2D0D5-1654-499C-A204-3C5A7C767D29}.Release|x86.ActiveCfg = Release|Any CPU
		{44F2D0D5-1654-499C-A204-3C5A7C767D29}.Release|x86.Build.0 = Release|Any CPU
		{C98D5756-9D2B-4C4E-81E8-E3E0C5F35CA2}.Debug|Any CPU.ActiveCfg = Debug|Any CPU
		{C98D5756-9D2B-4C4E-81E8-E3E0C5F35CA2}.Debug|Any CPU.Build.0 = Debug|Any CPU
		{C98D5756-9D2B-4C4E-81E8-E3E0C5F35CA2}.Debug|ARM.ActiveCfg = Debug|ARM
		{C98D5756-9D2B-4C4E-81E8-E3E0C5F35CA2}.Debug|ARM.Build.0 = Debug|ARM
		{C98D5756-9D2B-4C4E-81E8-E3E0C5F35CA2}.Debug|x64.ActiveCfg = Debug|x64
		{C98D5756-9D2B-4C4E-81E8-E3E0C5F35CA2}.Debug|x64.Build.0 = Debug|x64
		{C98D5756-9D2B-4C4E-81E8-E3E0C5F35CA2}.Debug|x86.ActiveCfg = Debug|x86
		{C98D5756-9D2B-4C4E-81E8-E3E0C5F35CA2}.Debug|x86.Build.0 = Debug|x86
		{C98D5756-9D2B-4C4E-81E8-E3E0C5F35CA2}.DesktopUWP|Any CPU.ActiveCfg = DesktopUWP|Any CPU
		{C98D5756-9D2B-4C4E-81E8-E3E0C5F35CA2}.DesktopUWP|Any CPU.Build.0 = DesktopUWP|Any CPU
		{C98D5756-9D2B-4C4E-81E8-E3E0C5F35CA2}.DesktopUWP|ARM.ActiveCfg = DesktopUWP|ARM
		{C98D5756-9D2B-4C4E-81E8-E3E0C5F35CA2}.DesktopUWP|ARM.Build.0 = DesktopUWP|ARM
		{C98D5756-9D2B-4C4E-81E8-E3E0C5F35CA2}.DesktopUWP|x64.ActiveCfg = DesktopUWP|x64
		{C98D5756-9D2B-4C4E-81E8-E3E0C5F35CA2}.DesktopUWP|x64.Build.0 = DesktopUWP|x64
		{C98D5756-9D2B-4C4E-81E8-E3E0C5F35CA2}.DesktopUWP|x86.ActiveCfg = DesktopUWP|x86
		{C98D5756-9D2B-4C4E-81E8-E3E0C5F35CA2}.DesktopUWP|x86.Build.0 = DesktopUWP|x86
		{C98D5756-9D2B-4C4E-81E8-E3E0C5F35CA2}.Release|Any CPU.ActiveCfg = Release|Any CPU
		{C98D5756-9D2B-4C4E-81E8-E3E0C5F35CA2}.Release|Any CPU.Build.0 = Release|Any CPU
		{C98D5756-9D2B-4C4E-81E8-E3E0C5F35CA2}.Release|ARM.ActiveCfg = Release|ARM
		{C98D5756-9D2B-4C4E-81E8-E3E0C5F35CA2}.Release|ARM.Build.0 = Release|ARM
		{C98D5756-9D2B-4C4E-81E8-E3E0C5F35CA2}.Release|x64.ActiveCfg = Release|x64
		{C98D5756-9D2B-4C4E-81E8-E3E0C5F35CA2}.Release|x64.Build.0 = Release|x64
		{C98D5756-9D2B-4C4E-81E8-E3E0C5F35CA2}.Release|x86.ActiveCfg = Release|x86
		{C98D5756-9D2B-4C4E-81E8-E3E0C5F35CA2}.Release|x86.Build.0 = Release|x86
		{E4DBC9EC-DA63-42E4-B032-84CDFD5D0134}.Debug|Any CPU.ActiveCfg = Debug|Any CPU
		{E4DBC9EC-DA63-42E4-B032-84CDFD5D0134}.Debug|Any CPU.Build.0 = Debug|Any CPU
		{E4DBC9EC-DA63-42E4-B032-84CDFD5D0134}.Debug|Any CPU.Deploy.0 = Debug|Any CPU
		{E4DBC9EC-DA63-42E4-B032-84CDFD5D0134}.Debug|ARM.ActiveCfg = Debug|Any CPU
		{E4DBC9EC-DA63-42E4-B032-84CDFD5D0134}.Debug|ARM.Build.0 = Debug|Any CPU
		{E4DBC9EC-DA63-42E4-B032-84CDFD5D0134}.Debug|ARM.Deploy.0 = Debug|Any CPU
		{E4DBC9EC-DA63-42E4-B032-84CDFD5D0134}.Debug|x64.ActiveCfg = Debug|x64
		{E4DBC9EC-DA63-42E4-B032-84CDFD5D0134}.Debug|x64.Build.0 = Debug|x64
		{E4DBC9EC-DA63-42E4-B032-84CDFD5D0134}.Debug|x64.Deploy.0 = Debug|x64
		{E4DBC9EC-DA63-42E4-B032-84CDFD5D0134}.Debug|x86.ActiveCfg = Debug|x86
		{E4DBC9EC-DA63-42E4-B032-84CDFD5D0134}.Debug|x86.Build.0 = Debug|x86
		{E4DBC9EC-DA63-42E4-B032-84CDFD5D0134}.Debug|x86.Deploy.0 = Debug|x86
		{E4DBC9EC-DA63-42E4-B032-84CDFD5D0134}.DesktopUWP|Any CPU.ActiveCfg = Debug|Any CPU
		{E4DBC9EC-DA63-42E4-B032-84CDFD5D0134}.DesktopUWP|Any CPU.Build.0 = Debug|Any CPU
		{E4DBC9EC-DA63-42E4-B032-84CDFD5D0134}.DesktopUWP|Any CPU.Deploy.0 = Debug|Any CPU
		{E4DBC9EC-DA63-42E4-B032-84CDFD5D0134}.DesktopUWP|ARM.ActiveCfg = Debug|Any CPU
		{E4DBC9EC-DA63-42E4-B032-84CDFD5D0134}.DesktopUWP|ARM.Build.0 = Debug|Any CPU
		{E4DBC9EC-DA63-42E4-B032-84CDFD5D0134}.DesktopUWP|ARM.Deploy.0 = Debug|Any CPU
		{E4DBC9EC-DA63-42E4-B032-84CDFD5D0134}.DesktopUWP|x64.ActiveCfg = Debug|x64
		{E4DBC9EC-DA63-42E4-B032-84CDFD5D0134}.DesktopUWP|x64.Build.0 = Debug|x64
		{E4DBC9EC-DA63-42E4-B032-84CDFD5D0134}.DesktopUWP|x64.Deploy.0 = Debug|x64
		{E4DBC9EC-DA63-42E4-B032-84CDFD5D0134}.DesktopUWP|x86.ActiveCfg = Debug|x86
		{E4DBC9EC-DA63-42E4-B032-84CDFD5D0134}.DesktopUWP|x86.Build.0 = Debug|x86
		{E4DBC9EC-DA63-42E4-B032-84CDFD5D0134}.DesktopUWP|x86.Deploy.0 = Debug|x86
		{E4DBC9EC-DA63-42E4-B032-84CDFD5D0134}.Release|Any CPU.ActiveCfg = Release|Any CPU
		{E4DBC9EC-DA63-42E4-B032-84CDFD5D0134}.Release|Any CPU.Build.0 = Release|Any CPU
		{E4DBC9EC-DA63-42E4-B032-84CDFD5D0134}.Release|Any CPU.Deploy.0 = Release|Any CPU
		{E4DBC9EC-DA63-42E4-B032-84CDFD5D0134}.Release|ARM.ActiveCfg = Release|Any CPU
		{E4DBC9EC-DA63-42E4-B032-84CDFD5D0134}.Release|ARM.Build.0 = Release|Any CPU
		{E4DBC9EC-DA63-42E4-B032-84CDFD5D0134}.Release|ARM.Deploy.0 = Release|Any CPU
		{E4DBC9EC-DA63-42E4-B032-84CDFD5D0134}.Release|x64.ActiveCfg = Release|x64
		{E4DBC9EC-DA63-42E4-B032-84CDFD5D0134}.Release|x64.Build.0 = Release|x64
		{E4DBC9EC-DA63-42E4-B032-84CDFD5D0134}.Release|x64.Deploy.0 = Release|x64
		{E4DBC9EC-DA63-42E4-B032-84CDFD5D0134}.Release|x86.ActiveCfg = Release|x86
		{E4DBC9EC-DA63-42E4-B032-84CDFD5D0134}.Release|x86.Build.0 = Release|x86
		{E4DBC9EC-DA63-42E4-B032-84CDFD5D0134}.Release|x86.Deploy.0 = Release|x86
	EndGlobalSection
	GlobalSection(SolutionProperties) = preSolution
		HideSolutionNode = FALSE
	EndGlobalSection
	GlobalSection(ExtensibilityGlobals) = postSolution
		SolutionGuid = {9F8C2D1F-EE3F-4347-B474-F136B242A94D}
	EndGlobalSection
EndGlobal
